{
    "_readme": [
        "This file locks the dependencies of your project to a known state",
        "Read more about it at https://getcomposer.org/doc/01-basic-usage.md#installing-dependencies",
        "This file is @generated automatically"
    ],
    "content-hash": "a33df42075a17e5d80b8ae4602875666",
    "packages": [
        {
            "name": "doctrine/annotations",
            "version": "1.12.1",
            "source": {
                "type": "git",
                "url": "https://github.com/doctrine/annotations.git",
                "reference": "b17c5014ef81d212ac539f07a1001832df1b6d3b"
            },
            "dist": {
                "type": "zip",
                "url": "https://api.github.com/repos/doctrine/annotations/zipball/b17c5014ef81d212ac539f07a1001832df1b6d3b",
                "reference": "b17c5014ef81d212ac539f07a1001832df1b6d3b",
                "shasum": ""
            },
            "require": {
                "doctrine/lexer": "1.*",
                "ext-tokenizer": "*",
                "php": "^7.1 || ^8.0"
            },
            "require-dev": {
                "doctrine/cache": "1.*",
                "doctrine/coding-standard": "^6.0 || ^8.1",
                "phpstan/phpstan": "^0.12.20",
                "phpunit/phpunit": "^7.5 || ^9.1.5"
            },
            "type": "library",
            "autoload": {
                "psr-4": {
                    "Doctrine\\Common\\Annotations\\": "lib/Doctrine/Common/Annotations"
                }
            },
            "notification-url": "https://packagist.org/downloads/",
            "license": [
                "MIT"
            ],
            "authors": [
                {
                    "name": "Guilherme Blanco",
                    "email": "guilhermeblanco@gmail.com"
                },
                {
                    "name": "Roman Borschel",
                    "email": "roman@code-factory.org"
                },
                {
                    "name": "Benjamin Eberlei",
                    "email": "kontakt@beberlei.de"
                },
                {
                    "name": "Jonathan Wage",
                    "email": "jonwage@gmail.com"
                },
                {
                    "name": "Johannes Schmitt",
                    "email": "schmittjoh@gmail.com"
                }
            ],
            "description": "Docblock Annotations Parser",
            "homepage": "https://www.doctrine-project.org/projects/annotations.html",
            "keywords": [
                "annotations",
                "docblock",
                "parser"
            ],
            "support": {
                "issues": "https://github.com/doctrine/annotations/issues",
                "source": "https://github.com/doctrine/annotations/tree/1.12.1"
            },
            "time": "2021-02-21T21:00:45+00:00"
        },
        {
            "name": "doctrine/cache",
            "version": "1.10.2",
            "source": {
                "type": "git",
                "url": "https://github.com/doctrine/cache.git",
                "reference": "13e3381b25847283a91948d04640543941309727"
            },
            "dist": {
                "type": "zip",
                "url": "https://api.github.com/repos/doctrine/cache/zipball/13e3381b25847283a91948d04640543941309727",
                "reference": "13e3381b25847283a91948d04640543941309727",
                "shasum": ""
            },
            "require": {
                "php": "~7.1 || ^8.0"
            },
            "conflict": {
                "doctrine/common": ">2.2,<2.4"
            },
            "require-dev": {
                "alcaeus/mongo-php-adapter": "^1.1",
                "doctrine/coding-standard": "^6.0",
                "mongodb/mongodb": "^1.1",
                "phpunit/phpunit": "^7.0",
                "predis/predis": "~1.0"
            },
            "suggest": {
                "alcaeus/mongo-php-adapter": "Required to use legacy MongoDB driver"
            },
            "type": "library",
            "extra": {
                "branch-alias": {
                    "dev-master": "1.9.x-dev"
                }
            },
            "autoload": {
                "psr-4": {
                    "Doctrine\\Common\\Cache\\": "lib/Doctrine/Common/Cache"
                }
            },
            "notification-url": "https://packagist.org/downloads/",
            "license": [
                "MIT"
            ],
            "authors": [
                {
                    "name": "Guilherme Blanco",
                    "email": "guilhermeblanco@gmail.com"
                },
                {
                    "name": "Roman Borschel",
                    "email": "roman@code-factory.org"
                },
                {
                    "name": "Benjamin Eberlei",
                    "email": "kontakt@beberlei.de"
                },
                {
                    "name": "Jonathan Wage",
                    "email": "jonwage@gmail.com"
                },
                {
                    "name": "Johannes Schmitt",
                    "email": "schmittjoh@gmail.com"
                }
            ],
            "description": "PHP Doctrine Cache library is a popular cache implementation that supports many different drivers such as redis, memcache, apc, mongodb and others.",
            "homepage": "https://www.doctrine-project.org/projects/cache.html",
            "keywords": [
                "abstraction",
                "apcu",
                "cache",
                "caching",
                "couchdb",
                "memcached",
                "php",
                "redis",
                "xcache"
            ],
            "support": {
                "issues": "https://github.com/doctrine/cache/issues",
                "source": "https://github.com/doctrine/cache/tree/1.10.x"
            },
            "funding": [
                {
                    "url": "https://www.doctrine-project.org/sponsorship.html",
                    "type": "custom"
                },
                {
                    "url": "https://www.patreon.com/phpdoctrine",
                    "type": "patreon"
                },
                {
                    "url": "https://tidelift.com/funding/github/packagist/doctrine%2Fcache",
                    "type": "tidelift"
                }
            ],
            "time": "2020-07-07T18:54:01+00:00"
        },
        {
            "name": "doctrine/lexer",
            "version": "1.2.1",
            "source": {
                "type": "git",
                "url": "https://github.com/doctrine/lexer.git",
                "reference": "e864bbf5904cb8f5bb334f99209b48018522f042"
            },
            "dist": {
                "type": "zip",
                "url": "https://api.github.com/repos/doctrine/lexer/zipball/e864bbf5904cb8f5bb334f99209b48018522f042",
                "reference": "e864bbf5904cb8f5bb334f99209b48018522f042",
                "shasum": ""
            },
            "require": {
                "php": "^7.2 || ^8.0"
            },
            "require-dev": {
                "doctrine/coding-standard": "^6.0",
                "phpstan/phpstan": "^0.11.8",
                "phpunit/phpunit": "^8.2"
            },
            "type": "library",
            "extra": {
                "branch-alias": {
                    "dev-master": "1.2.x-dev"
                }
            },
            "autoload": {
                "psr-4": {
                    "Doctrine\\Common\\Lexer\\": "lib/Doctrine/Common/Lexer"
                }
            },
            "notification-url": "https://packagist.org/downloads/",
            "license": [
                "MIT"
            ],
            "authors": [
                {
                    "name": "Guilherme Blanco",
                    "email": "guilhermeblanco@gmail.com"
                },
                {
                    "name": "Roman Borschel",
                    "email": "roman@code-factory.org"
                },
                {
                    "name": "Johannes Schmitt",
                    "email": "schmittjoh@gmail.com"
                }
            ],
            "description": "PHP Doctrine Lexer parser library that can be used in Top-Down, Recursive Descent Parsers.",
            "homepage": "https://www.doctrine-project.org/projects/lexer.html",
            "keywords": [
                "annotations",
                "docblock",
                "lexer",
                "parser",
                "php"
            ],
            "support": {
                "issues": "https://github.com/doctrine/lexer/issues",
                "source": "https://github.com/doctrine/lexer/tree/1.2.1"
            },
            "funding": [
                {
                    "url": "https://www.doctrine-project.org/sponsorship.html",
                    "type": "custom"
                },
                {
                    "url": "https://www.patreon.com/phpdoctrine",
                    "type": "patreon"
                },
                {
                    "url": "https://tidelift.com/funding/github/packagist/doctrine%2Flexer",
                    "type": "tidelift"
                }
            ],
            "time": "2020-05-25T17:44:05+00:00"
        },
        {
            "name": "koriym/attributes",
            "version": "1.0.1",
            "source": {
                "type": "git",
                "url": "https://github.com/koriym/Koriym.Attributes.git",
                "reference": "d28af0bcea217a3dc2ec816bf3e9f6aab2d008fc"
            },
            "dist": {
                "type": "zip",
                "url": "https://api.github.com/repos/koriym/Koriym.Attributes/zipball/d28af0bcea217a3dc2ec816bf3e9f6aab2d008fc",
                "reference": "d28af0bcea217a3dc2ec816bf3e9f6aab2d008fc",
                "shasum": ""
            },
            "require": {
                "doctrine/annotations": "^1.11",
                "php": "^7.3 || ^8.0"
            },
            "require-dev": {
                "bamarni/composer-bin-plugin": "^1.4",
                "ext-pdo": "*",
                "phpunit/phpunit": "^9.5"
            },
            "type": "library",
            "autoload": {
                "psr-4": {
                    "Koriym\\Attributes\\": "src/"
                }
            },
            "notification-url": "https://packagist.org/downloads/",
            "license": [
                "MIT"
            ],
            "authors": [
                {
                    "name": "Akihito Koriyama",
                    "email": "akihito.koriyama@gmail.com"
                }
            ],
            "description": "An annotation/attribute reader",
            "keywords": [
                "annotation",
                "attribute"
            ],
            "support": {
                "issues": "https://github.com/koriym/Koriym.Attributes/issues",
                "source": "https://github.com/koriym/Koriym.Attributes/tree/1.0.1"
            },
            "time": "2021-01-19T04:50:06+00:00"
        },
        {
            "name": "koriym/null-object",
            "version": "0.1.0",
            "source": {
                "type": "git",
                "url": "https://github.com/koriym/Koriym.NullObject.git",
                "reference": "76dc65e65d9dc9d21175c4df683b2e7275ec3105"
            },
            "dist": {
                "type": "zip",
                "url": "https://api.github.com/repos/koriym/Koriym.NullObject/zipball/76dc65e65d9dc9d21175c4df683b2e7275ec3105",
                "reference": "76dc65e65d9dc9d21175c4df683b2e7275ec3105",
                "shasum": ""
            },
            "require": {
                "php": "^7.2 || ^8.0"
            },
            "require-dev": {
                "bamarni/composer-bin-plugin": "^1.4",
                "doctrine/annotations": "^1.11",
                "phpunit/phpunit": "^9.5"
            },
            "type": "library",
            "autoload": {
                "psr-4": {
                    "Koriym\\NullObject\\": "src/"
                },
                "files": [
                    "autoload.php"
                ]
            },
            "notification-url": "https://packagist.org/downloads/",
            "license": [
                "MIT"
            ],
            "authors": [
                {
                    "name": "Akihito Koriyama",
                    "email": "akihito.koriyama@gmail.com"
                }
            ],
            "description": "Null object generator",
            "support": {
                "issues": "https://github.com/koriym/Koriym.NullObject/issues",
                "source": "https://github.com/koriym/Koriym.NullObject/tree/0.1.0"
            },
            "time": "2021-02-12T12:27:58+00:00"
        },
        {
            "name": "koriym/printo",
            "version": "1.0.1",
            "source": {
                "type": "git",
                "url": "https://github.com/koriym/print_o.git",
                "reference": "d969e4cc738a376d479c2125e7d62be88cfa9dbe"
            },
            "dist": {
                "type": "zip",
                "url": "https://api.github.com/repos/koriym/print_o/zipball/d969e4cc738a376d479c2125e7d62be88cfa9dbe",
                "reference": "d969e4cc738a376d479c2125e7d62be88cfa9dbe",
                "shasum": ""
            },
            "require": {
                "php": ">=5.4.0"
            },
            "type": "library",
            "extra": {
                "branch-alias": {
                    "dev-master": "1.0.x-dev"
                }
            },
            "autoload": {
                "psr-4": {
                    "Koriym\\Printo\\": "src/"
                },
                "files": [
                    "src/print_o.php"
                ]
            },
            "notification-url": "https://packagist.org/downloads/",
            "license": [
                "BSD-3-Clause"
            ],
            "authors": [
                {
                    "name": "Akihito Koriyama",
                    "email": "akihito.koriyama@gmail.com",
                    "homepage": "https://github.com/koriym"
                }
            ],
            "description": "An object graph visualizer.",
            "homepage": "https://github.com/koriym/print_o",
            "keywords": [
                "debug",
                "var_dump"
            ],
            "support": {
                "issues": "https://github.com/koriym/print_o/issues",
                "source": "https://github.com/koriym/print_o/tree/develop"
            },
            "time": "2015-02-13T19:04:21+00:00"
        },
        {
            "name": "nikic/php-parser",
            "version": "v4.10.4",
            "source": {
                "type": "git",
                "url": "https://github.com/nikic/PHP-Parser.git",
                "reference": "c6d052fc58cb876152f89f532b95a8d7907e7f0e"
            },
            "dist": {
                "type": "zip",
                "url": "https://api.github.com/repos/nikic/PHP-Parser/zipball/c6d052fc58cb876152f89f532b95a8d7907e7f0e",
                "reference": "c6d052fc58cb876152f89f532b95a8d7907e7f0e",
                "shasum": ""
            },
            "require": {
                "ext-tokenizer": "*",
                "php": ">=7.0"
            },
            "require-dev": {
                "ircmaxell/php-yacc": "^0.0.7",
                "phpunit/phpunit": "^6.5 || ^7.0 || ^8.0 || ^9.0"
            },
            "bin": [
                "bin/php-parse"
            ],
            "type": "library",
            "extra": {
                "branch-alias": {
                    "dev-master": "4.9-dev"
                }
            },
            "autoload": {
                "psr-4": {
                    "PhpParser\\": "lib/PhpParser"
                }
            },
            "notification-url": "https://packagist.org/downloads/",
            "license": [
                "BSD-3-Clause"
            ],
            "authors": [
                {
                    "name": "Nikita Popov"
                }
            ],
            "description": "A PHP parser written in PHP",
            "keywords": [
                "parser",
                "php"
            ],
            "support": {
                "issues": "https://github.com/nikic/PHP-Parser/issues",
                "source": "https://github.com/nikic/PHP-Parser/tree/v4.10.4"
            },
            "time": "2020-12-20T10:01:03+00:00"
        },
        {
            "name": "ray/aop",
            "version": "2.10.4",
            "source": {
                "type": "git",
                "url": "https://github.com/ray-di/Ray.Aop.git",
                "reference": "c04ee5e5632c2075505d8cfa259e07d5a9f03576"
            },
            "dist": {
                "type": "zip",
                "url": "https://api.github.com/repos/ray-di/Ray.Aop/zipball/c04ee5e5632c2075505d8cfa259e07d5a9f03576",
                "reference": "c04ee5e5632c2075505d8cfa259e07d5a9f03576",
                "shasum": ""
            },
            "require": {
                "doctrine/annotations": "^1.11",
                "koriym/attributes": "^1.0",
                "nikic/php-parser": "^4.2",
                "php": "^7.3 || ^8.0"
            },
            "require-dev": {
                "bamarni/composer-bin-plugin": "^1.4",
                "phpunit/phpunit": "^9.3"
            },
            "suggest": {
                "ray/di": "A dependency injection framework"
            },
            "type": "library",
            "autoload": {
                "psr-4": {
                    "Ray\\Aop\\": [
                        "src/"
                    ],
                    "Ray\\ServiceLocator\\": [
                        "sl-src/"
                    ]
                },
                "files": [
                    "annotation_loader.php"
                ]
            },
            "notification-url": "https://packagist.org/downloads/",
            "license": [
                "MIT"
            ],
            "authors": [
                {
                    "name": "Akihito Koriyama",
                    "email": "akihito.koriyama@gmail.com"
                }
            ],
            "description": "An aspect oriented framework",
            "keywords": [
                "aop"
            ],
            "support": {
                "issues": "https://github.com/ray-di/Ray.Aop/issues",
                "source": "https://github.com/ray-di/Ray.Aop/tree/2.10.4"
            },
            "funding": [
                {
                    "url": "https://github.com/koriym",
                    "type": "github"
                },
                {
                    "url": "https://tidelift.com/funding/github/packagist/ray/aop",
                    "type": "tidelift"
                }
            ],
            "time": "2021-02-18T01:07:16+00:00"
        },
        {
            "name": "ray/di",
            "version": "2.12.0",
            "source": {
                "type": "git",
                "url": "https://github.com/ray-di/Ray.Di.git",
                "reference": "d8f131da975ad7f7a4d685b975eb6a6a4d23ad1d"
            },
            "dist": {
                "type": "zip",
                "url": "https://api.github.com/repos/ray-di/Ray.Di/zipball/d8f131da975ad7f7a4d685b975eb6a6a4d23ad1d",
                "reference": "d8f131da975ad7f7a4d685b975eb6a6a4d23ad1d",
                "shasum": ""
            },
            "require": {
                "doctrine/annotations": "^1.11",
                "doctrine/cache": "^1.10",
                "koriym/attributes": "^1.0",
                "koriym/null-object": "^0.1",
                "koriym/printo": "^1.0",
                "nikic/php-parser": "^4.5",
                "php": "^7.2 || ^8.0",
                "ray/aop": "^2.10"
            },
            "require-dev": {
                "bamarni/composer-bin-plugin": "^1.4",
                "phpunit/phpunit": "^9.5"
            },
            "type": "library",
            "autoload": {
                "psr-4": {
                    "Ray\\Di\\": [
                        "src/di",
                        "src-deprecated/di"
                    ],
                    "Ray\\Compiler\\": [
                        "src/compiler"
                    ]
                }
            },
            "notification-url": "https://packagist.org/downloads/",
            "license": [
                "MIT"
            ],
            "authors": [
                {
                    "name": "Akihito Koriyama",
                    "email": "akihito.koriyama@gmail.com"
                }
            ],
            "description": "Guice style annotation-driven dependency injection framework",
            "keywords": [
                "aop",
                "di"
            ],
            "support": {
                "issues": "https://github.com/ray-di/Ray.Di/issues",
                "source": "https://github.com/ray-di/Ray.Di/tree/2.12.0"
            },
            "time": "2021-02-20T07:24:30+00:00"
        }
    ],
    "packages-dev": [],
    "aliases": [],
    "minimum-stability": "stable",
    "stability-flags": [],
    "prefer-stable": false,
    "prefer-lowest": false,
    "platform": [],
    "platform-dev": [],
    "plugin-api-version": "2.0.0"
}
